// !$*UTF8*$!
{
	archiveVersion = 1;
	classes = {
	};
	objectVersion = 56;
	objects = {

/* Begin PBXBuildFile section */
		FA523ED42DD5A14D0077EF3A /* ChatsVC.swift in Sources */ = {isa = PBXBuildFile; fileRef = FA523ED32DD5A14D0077EF3A /* ChatsVC.swift */; };
		FA523ED72DD5CA370077EF3A /* chatsTableViewCell.swift in Sources */ = {isa = PBXBuildFile; fileRef = FA523ED52DD5CA370077EF3A /* chatsTableViewCell.swift */; };
		FA523ED82DD5CA370077EF3A /* chatsTableViewCell.xib in Resources */ = {isa = PBXBuildFile; fileRef = FA523ED62DD5CA370077EF3A /* chatsTableViewCell.xib */; };
		FA849C2B2DD45BC00081A2B3 /* PostTableViewCell.swift in Sources */ = {isa = PBXBuildFile; fileRef = FA849C292DD45BC00081A2B3 /* PostTableViewCell.swift */; };
		FA849C2C2DD45BC00081A2B3 /* PostTableViewCell.xib in Resources */ = {isa = PBXBuildFile; fileRef = FA849C2A2DD45BC00081A2B3 /* PostTableViewCell.xib */; };
		FA849C2F2DD468B50081A2B3 /* StoryTableViewCell.swift in Sources */ = {isa = PBXBuildFile; fileRef = FA849C2D2DD468B50081A2B3 /* StoryTableViewCell.swift */; };
		FA849C302DD468B50081A2B3 /* StoryTableViewCell.xib in Resources */ = {isa = PBXBuildFile; fileRef = FA849C2E2DD468B50081A2B3 /* StoryTableViewCell.xib */; };
		FAE302FE2DD2FF670001B4DD /* AppDelegate.swift in Sources */ = {isa = PBXBuildFile; fileRef = FAE302FD2DD2FF670001B4DD /* AppDelegate.swift */; };
		FAE303002DD2FF670001B4DD /* SceneDelegate.swift in Sources */ = {isa = PBXBuildFile; fileRef = FAE302FF2DD2FF670001B4DD /* SceneDelegate.swift */; };
		FAE303022DD2FF670001B4DD /* ViewController.swift in Sources */ = {isa = PBXBuildFile; fileRef = FAE303012DD2FF670001B4DD /* ViewController.swift */; };
		FAE303052DD2FF670001B4DD /* Main.storyboard in Resources */ = {isa = PBXBuildFile; fileRef = FAE303032DD2FF670001B4DD /* Main.storyboard */; };
		FAE303082DD2FF670001B4DD /* Test_App.xcdatamodeld in Sources */ = {isa = PBXBuildFile; fileRef = FAE303062DD2FF670001B4DD /* Test_App.xcdatamodeld */; };
		FAE3030A2DD2FF6A0001B4DD /* Assets.xcassets in Resources */ = {isa = PBXBuildFile; fileRef = FAE303092DD2FF6A0001B4DD /* Assets.xcassets */; };
		FAE3030D2DD2FF6A0001B4DD /* LaunchScreen.storyboard in Resources */ = {isa = PBXBuildFile; fileRef = FAE3030B2DD2FF6A0001B4DD /* LaunchScreen.storyboard */; };
		FAE303162DD3194D0001B4DD /* InstaCollectionViewCell.swift in Sources */ = {isa = PBXBuildFile; fileRef = FAE303142DD3194D0001B4DD /* InstaCollectionViewCell.swift */; };
		FAE303172DD3194D0001B4DD /* InstaCollectionViewCell.xib in Resources */ = {isa = PBXBuildFile; fileRef = FAE303152DD3194D0001B4DD /* InstaCollectionViewCell.xib */; };
		FAE303192DD33A190001B4DD /* Extensions.swift in Sources */ = {isa = PBXBuildFile; fileRef = FAE303182DD33A190001B4DD /* Extensions.swift */; };
/* End PBXBuildFile section */

/* Begin PBXFileReference section */
		FA523ED32DD5A14D0077EF3A /* ChatsVC.swift */ = {isa = PBXFileReference; lastKnownFileType = sourcecode.swift; path = ChatsVC.swift; sourceTree = "<group>"; };
		FA523ED52DD5CA370077EF3A /* chatsTableViewCell.swift */ = {isa = PBXFileReference; lastKnownFileType = sourcecode.swift; path = chatsTableViewCell.swift; sourceTree = "<group>"; };
		FA523ED62DD5CA370077EF3A /* chatsTableViewCell.xib */ = {isa = PBXFileReference; lastKnownFileType = file.xib; path = chatsTableViewCell.xib; sourceTree = "<group>"; };
		FA849C292DD45BC00081A2B3 /* PostTableViewCell.swift */ = {isa = PBXFileReference; lastKnownFileType = sourcecode.swift; path = PostTableViewCell.swift; sourceTree = "<group>"; };
		FA849C2A2DD45BC00081A2B3 /* PostTableViewCell.xib */ = {isa = PBXFileReference; lastKnownFileType = file.xib; path = PostTableViewCell.xib; sourceTree = "<group>"; };
		FA849C2D2DD468B50081A2B3 /* StoryTableViewCell.swift */ = {isa = PBXFileReference; lastKnownFileType = sourcecode.swift; path = StoryTableViewCell.swift; sourceTree = "<group>"; };
		FA849C2E2DD468B50081A2B3 /* StoryTableViewCell.xib */ = {isa = PBXFileReference; lastKnownFileType = file.xib; path = StoryTableViewCell.xib; sourceTree = "<group>"; };
		FAE302FA2DD2FF670001B4DD /* Test App.app */ = {isa = PBXFileReference; explicitFileType = wrapper.application; includeInIndex = 0; path = "Test App.app"; sourceTree = BUILT_PRODUCTS_DIR; };
		FAE302FD2DD2FF670001B4DD /* AppDelegate.swift */ = {isa = PBXFileReference; lastKnownFileType = sourcecode.swift; path = AppDelegate.swift; sourceTree = "<group>"; };
		FAE302FF2DD2FF670001B4DD /* SceneDelegate.swift */ = {isa = PBXFileReference; lastKnownFileType = sourcecode.swift; path = SceneDelegate.swift; sourceTree = "<group>"; };
		FAE303012DD2FF670001B4DD /* ViewController.swift */ = {isa = PBXFileReference; lastKnownFileType = sourcecode.swift; path = ViewController.swift; sourceTree = "<group>"; };
		FAE303042DD2FF670001B4DD /* Base */ = {isa = PBXFileReference; lastKnownFileType = file.storyboard; name = Base; path = Base.lproj/Main.storyboard; sourceTree = "<group>"; };
		FAE303072DD2FF670001B4DD /* Test_App.xcdatamodel */ = {isa = PBXFileReference; lastKnownFileType = wrapper.xcdatamodel; path = Test_App.xcdatamodel; sourceTree = "<group>"; };
		FAE303092DD2FF6A0001B4DD /* Assets.xcassets */ = {isa = PBXFileReference; lastKnownFileType = folder.assetcatalog; path = Assets.xcassets; sourceTree = "<group>"; };
		FAE3030C2DD2FF6A0001B4DD /* Base */ = {isa = PBXFileReference; lastKnownFileType = file.storyboard; name = Base; path = Base.lproj/LaunchScreen.storyboard; sourceTree = "<group>"; };
		FAE3030E2DD2FF6A0001B4DD /* Info.plist */ = {isa = PBXFileReference; lastKnownFileType = text.plist.xml; path = Info.plist; sourceTree = "<group>"; };
		FAE303142DD3194D0001B4DD /* InstaCollectionViewCell.swift */ = {isa = PBXFileReference; lastKnownFileType = sourcecode.swift; path = InstaCollectionViewCell.swift; sourceTree = "<group>"; };
		FAE303152DD3194D0001B4DD /* InstaCollectionViewCell.xib */ = {isa = PBXFileReference; lastKnownFileType = file.xib; path = InstaCollectionViewCell.xib; sourceTree = "<group>"; };
		FAE303182DD33A190001B4DD /* Extensions.swift */ = {isa = PBXFileReference; lastKnownFileType = sourcecode.swift; path = Extensions.swift; sourceTree = "<group>"; };
/* End PBXFileReference section */

/* Begin PBXFrameworksBuildPhase section */
		FAE302F72DD2FF660001B4DD /* Frameworks */ = {
			isa = PBXFrameworksBuildPhase;
			buildActionMask = 2147483647;
			files = (
			);
			runOnlyForDeploymentPostprocessing = 0;
		};
/* End PBXFrameworksBuildPhase section */

/* Begin PBXGroup section */
		FAE302F12DD2FF660001B4DD = {
			isa = PBXGroup;
			children = (
				FAE302FC2DD2FF670001B4DD /* Test App */,
				FAE302FB2DD2FF670001B4DD /* Products */,
			);
			sourceTree = "<group>";
		};
		FAE302FB2DD2FF670001B4DD /* Products */ = {
			isa = PBXGroup;
			children = (
				FAE302FA2DD2FF670001B4DD /* Test App.app */,
			);
			name = Products;
			sourceTree = "<group>";
		};
		FAE302FC2DD2FF670001B4DD /* Test App */ = {
			isa = PBXGroup;
			children = (
				FAE302FD2DD2FF670001B4DD /* AppDelegate.swift */,
				FAE302FF2DD2FF670001B4DD /* SceneDelegate.swift */,
				FAE303012DD2FF670001B4DD /* ViewController.swift */,
				FAE303182DD33A190001B4DD /* Extensions.swift */,
				FA523ED32DD5A14D0077EF3A /* ChatsVC.swift */,
				FAE303032DD2FF670001B4DD /* Main.storyboard */,
				FAE303092DD2FF6A0001B4DD /* Assets.xcassets */,
				FAE3030B2DD2FF6A0001B4DD /* LaunchScreen.storyboard */,
				FAE3030E2DD2FF6A0001B4DD /* Info.plist */,
				FAE303062DD2FF670001B4DD /* Test_App.xcdatamodeld */,
				FAE303142DD3194D0001B4DD /* InstaCollectionViewCell.swift */,
				FAE303152DD3194D0001B4DD /* InstaCollectionViewCell.xib */,
				FA849C292DD45BC00081A2B3 /* PostTableViewCell.swift */,
				FA849C2A2DD45BC00081A2B3 /* PostTableViewCell.xib */,
				FA849C2D2DD468B50081A2B3 /* StoryTableViewCell.swift */,
				FA849C2E2DD468B50081A2B3 /* StoryTableViewCell.xib */,
				FA523ED52DD5CA370077EF3A /* chatsTableViewCell.swift */,
				FA523ED62DD5CA370077EF3A /* chatsTableViewCell.xib */,
			);
			path = "Test App";
			sourceTree = "<group>";
		};
/* End PBXGroup section */

/* Begin PBXNativeTarget section */
		FAE302F92DD2FF660001B4DD /* Test App */ = {
			isa = PBXNativeTarget;
			buildConfigurationList = FAE303112DD2FF6A0001B4DD /* Build configuration list for PBXNativeTarget "Test App" */;
			buildPhases = (
				FAE302F62DD2FF660001B4DD /* Sources */,
				FAE302F72DD2FF660001B4DD /* Frameworks */,
				FAE302F82DD2FF660001B4DD /* Resources */,
			);
			buildRules = (
			);
			dependencies = (
			);
			name = "Test App";
			productName = "Test App";
			productReference = FAE302FA2DD2FF670001B4DD /* Test App.app */;
			productType = "com.apple.product-type.application";
		};
/* End PBXNativeTarget section */

/* Begin PBXProject section */
		FAE302F22DD2FF660001B4DD /* Project object */ = {
			isa = PBXProject;
			attributes = {
				BuildIndependentTargetsInParallel = 1;
				LastSwiftUpdateCheck = 1520;
				LastUpgradeCheck = 1520;
				TargetAttributes = {
					FAE302F92DD2FF660001B4DD = {
						CreatedOnToolsVersion = 15.2;
					};
				};
			};
			buildConfigurationList = FAE302F52DD2FF660001B4DD /* Build configuration list for PBXProject "Test App" */;
			compatibilityVersion = "Xcode 14.0";
			developmentRegion = en;
			hasScannedForEncodings = 0;
			knownRegions = (
				en,
				Base,
			);
			mainGroup = FAE302F12DD2FF660001B4DD;
			productRefGroup = FAE302FB2DD2FF670001B4DD /* Products */;
			projectDirPath = "";
			projectRoot = "";
			targets = (
				FAE302F92DD2FF660001B4DD /* Test App */,
			);
		};
/* End PBXProject section */

/* Begin PBXResourcesBuildPhase section */
		FAE302F82DD2FF660001B4DD /* Resources */ = {
			isa = PBXResourcesBuildPhase;
			buildActionMask = 2147483647;
			files = (
				FAE3030D2DD2FF6A0001B4DD /* LaunchScreen.storyboard in Resources */,
				FA523ED82DD5CA370077EF3A /* chatsTableViewCell.xib in Resources */,
				FA849C302DD468B50081A2B3 /* StoryTableViewCell.xib in Resources */,
				FA849C2C2DD45BC00081A2B3 /* PostTableViewCell.xib in Resources */,
				FAE3030A2DD2FF6A0001B4DD /* Assets.xcassets in Resources */,
				FAE303172DD3194D0001B4DD /* InstaCollectionViewCell.xib in Resources */,
				FAE303052DD2FF670001B4DD /* Main.storyboard in Resources */,
			);
			runOnlyForDeploymentPostprocessing = 0;
		};
/* End PBXResourcesBuildPhase section */

/* Begin PBXSourcesBuildPhase section */
		FAE302F62DD2FF660001B4DD /* Sources */ = {
			isa = PBXSourcesBuildPhase;
			buildActionMask = 2147483647;
			files = (
				FA849C2B2DD45BC00081A2B3 /* PostTableViewCell.swift in Sources */,
				FAE303022DD2FF670001B4DD /* ViewController.swift in Sources */,
				FAE303082DD2FF670001B4DD /* Test_App.xcdatamodeld in Sources */,
				FAE302FE2DD2FF670001B4DD /* AppDelegate.swift in Sources */,
				FAE303002DD2FF670001B4DD /* SceneDelegate.swift in Sources */,
				FAE303162DD3194D0001B4DD /* InstaCollectionViewCell.swift in Sources */,
				FA523ED42DD5A14D0077EF3A /* ChatsVC.swift in Sources */,
				FAE303192DD33A190001B4DD /* Extensions.swift in Sources */,
				FA849C2F2DD468B50081A2B3 /* StoryTableViewCell.swift in Sources */,
				FA523ED72DD5CA370077EF3A /* chatsTableViewCell.swift in Sources */,
			);
			runOnlyForDeploymentPostprocessing = 0;
		};
/* End PBXSourcesBuildPhase section */

/* Begin PBXVariantGroup section */
		FAE303032DD2FF670001B4DD /* Main.storyboard */ = {
			isa = PBXVariantGroup;
			children = (
				FAE303042DD2FF670001B4DD /* Base */,
			);
			name = Main.storyboard;
			sourceTree = "<group>";
		};
		FAE3030B2DD2FF6A0001B4DD /* LaunchScreen.storyboard */ = {
			isa = PBXVariantGroup;
			children = (
				FAE3030C2DD2FF6A0001B4DD /* Base */,
			);
			name = LaunchScreen.storyboard;
			sourceTree = "<group>";
		};
/* End PBXVariantGroup section */

/* Begin XCBuildConfiguration section */
		FAE3030F2DD2FF6A0001B4DD /* Debug */ = {
			isa = XCBuildConfiguration;
			buildSettings = {
				ALWAYS_SEARCH_USER_PATHS = NO;
				ASSETCATALOG_COMPILER_GENERATE_SWIFT_ASSET_SYMBOL_EXTENSIONS = YES;
				CLANG_ANALYZER_NONNULL = YES;
				CLANG_ANALYZER_NUMBER_OBJECT_CONVERSION = YES_AGGRESSIVE;
				CLANG_CXX_LANGUAGE_STANDARD = "gnu++20";
				CLANG_ENABLE_MODULES = YES;
				CLANG_ENABLE_OBJC_ARC = YES;
				CLANG_ENABLE_OBJC_WEAK = YES;
				CLANG_WARN_BLOCK_CAPTURE_AUTORELEASING = YES;
				CLANG_WARN_BOOL_CONVERSION = YES;
				CLANG_WARN_COMMA = YES;
				CLANG_WARN_CONSTANT_CONVERSION = YES;
				CLANG_WARN_DEPRECATED_OBJC_IMPLEMENTATIONS = YES;
				CLANG_WARN_DIRECT_OBJC_ISA_USAGE = YES_ERROR;
				CLANG_WARN_DOCUMENTATION_COMMENTS = YES;
				CLANG_WARN_EMPTY_BODY = YES;
				CLANG_WARN_ENUM_CONVERSION = YES;
				CLANG_WARN_INFINITE_RECURSION = YES;
				CLANG_WARN_INT_CONVERSION = YES;
				CLANG_WARN_NON_LITERAL_NULL_CONVERSION = YES;
				CLANG_WARN_OBJC_IMPLICIT_RETAIN_SELF = YES;
				CLANG_WARN_OBJC_LITERAL_CONVERSION = YES;
				CLANG_WARN_OBJC_ROOT_CLASS = YES_ERROR;
				CLANG_WARN_QUOTED_INCLUDE_IN_FRAMEWORK_HEADER = YES;
				CLANG_WARN_RANGE_LOOP_ANALYSIS = YES;
				CLANG_WARN_STRICT_PROTOTYPES = YES;
				CLANG_WARN_SUSPICIOUS_MOVE = YES;
				CLANG_WARN_UNGUARDED_AVAILABILITY = YES_AGGRESSIVE;
				CLANG_WARN_UNREACHABLE_CODE = YES;
				CLANG_WARN__DUPLICATE_METHOD_MATCH = YES;
				COPY_PHASE_STRIP = NO;
				DEBUG_INFORMATION_FORMAT = dwarf;
				ENABLE_STRICT_OBJC_MSGSEND = YES;
				ENABLE_TESTABILITY = YES;
				ENABLE_USER_SCRIPT_SANDBOXING = YES;
				GCC_C_LANGUAGE_STANDARD = gnu17;
				GCC_DYNAMIC_NO_PIC = NO;
				GCC_NO_COMMON_BLOCKS = YES;
				GCC_OPTIMIZATION_LEVEL = 0;
				GCC_PREPROCESSOR_DEFINITIONS = (
					"DEBUG=1",
					"$(inherited)",
				);
				GCC_WARN_64_TO_32_BIT_CONVERSION = YES;
				GCC_WARN_ABOUT_RETURN_TYPE = YES_ERROR;
				GCC_WARN_UNDECLARED_SELECTOR = YES;
				GCC_WARN_UNINITIALIZED_AUTOS = YES_AGGRESSIVE;
				GCC_WARN_UNUSED_FUNCTION = YES;
				GCC_WARN_UNUSED_VARIABLE = YES;
				IPHONEOS_DEPLOYMENT_TARGET = 17.2;
				LOCALIZATION_PREFERS_STRING_CATALOGS = YES;
				MTL_ENABLE_DEBUG_INFO = INCLUDE_SOURCE;
				MTL_FAST_MATH = YES;
				ONLY_ACTIVE_ARCH = YES;
				SDKROOT = iphoneos;
				SWIFT_ACTIVE_COMPILATION_CONDITIONS = "DEBUG $(inherited)";
				SWIFT_OPTIMIZATION_LEVEL = "-Onone";
			};
			name = Debug;
		};
		FAE303102DD2FF6A0001B4DD /* Release */ = {
			isa = XCBuildConfiguration;
			buildSettings = {
				ALWAYS_SEARCH_USER_PATHS = NO;
				ASSETCATALOG_COMPILER_GENERATE_SWIFT_ASSET_SYMBOL_EXTENSIONS = YES;
				CLANG_ANALYZER_NONNULL = YES;
				CLANG_ANALYZER_NUMBER_OBJECT_CONVERSION = YES_AGGRESSIVE;
				CLANG_CXX_LANGUAGE_STANDARD = "gnu++20";
				CLANG_ENABLE_MODULES = YES;
				CLANG_ENABLE_OBJC_ARC = YES;
				CLANG_ENABLE_OBJC_WEAK = YES;
				CLANG_WARN_BLOCK_CAPTURE_AUTORELEASING = YES;
				CLANG_WARN_BOOL_CONVERSION = YES;
				CLANG_WARN_COMMA = YES;
				CLANG_WARN_CONSTANT_CONVERSION = YES;
				CLANG_WARN_DEPRECATED_OBJC_IMPLEMENTATIONS = YES;
				CLANG_WARN_DIRECT_OBJC_ISA_USAGE = YES_ERROR;
				CLANG_WARN_DOCUMENTATION_COMMENTS = YES;
				CLANG_WARN_EMPTY_BODY = YES;
				CLANG_WARN_ENUM_CONVERSION = YES;
				CLANG_WARN_INFINITE_RECURSION = YES;
				CLANG_WARN_INT_CONVERSION = YES;
				CLANG_WARN_NON_LITERAL_NULL_CONVERSION = YES;
				CLANG_WARN_OBJC_IMPLICIT_RETAIN_SELF = YES;
				CLANG_WARN_OBJC_LITERAL_CONVERSION = YES;
				CLANG_WARN_OBJC_ROOT_CLASS = YES_ERROR;
				CLANG_WARN_QUOTED_INCLUDE_IN_FRAMEWORK_HEADER = YES;
				CLANG_WARN_RANGE_LOOP_ANALYSIS = YES;
				CLANG_WARN_STRICT_PROTOTYPES = YES;
				CLANG_WARN_SUSPICIOUS_MOVE = YES;
				CLANG_WARN_UNGUARDED_AVAILABILITY = YES_AGGRESSIVE;
				CLANG_WARN_UNREACHABLE_CODE = YES;
				CLANG_WARN__DUPLICATE_METHOD_MATCH = YES;
				COPY_PHASE_STRIP = NO;
				DEBUG_INFORMATION_FORMAT = "dwarf-with-dsym";
				ENABLE_NS_ASSERTIONS = NO;
				ENABLE_STRICT_OBJC_MSGSEND = YES;
				ENABLE_USER_SCRIPT_SANDBOXING = YES;
				GCC_C_LANGUAGE_STANDARD = gnu17;
				GCC_NO_COMMON_BLOCKS = YES;
				GCC_WARN_64_TO_32_BIT_CONVERSION = YES;
				GCC_WARN_ABOUT_RETURN_TYPE = YES_ERROR;
				GCC_WARN_UNDECLARED_SELECTOR = YES;
				GCC_WARN_UNINITIALIZED_AUTOS = YES_AGGRESSIVE;
				GCC_WARN_UNUSED_FUNCTION = YES;
				GCC_WARN_UNUSED_VARIABLE = YES;
				IPHONEOS_DEPLOYMENT_TARGET = 17.2;
				LOCALIZATION_PREFERS_STRING_CATALOGS = YES;
				MTL_ENABLE_DEBUG_INFO = NO;
				MTL_FAST_MATH = YES;
				SDKROOT = iphoneos;
				SWIFT_COMPILATION_MODE = wholemodule;
				VALIDATE_PRODUCT = YES;
			};
			name = Release;
		};
		FAE303122DD2FF6A0001B4DD /* Debug */ = {
			isa = XCBuildConfiguration;
			buildSettings = {
				ASSETCATALOG_COMPILER_APPICON_NAME = AppIcon;
				ASSETCATALOG_COMPILER_GLOBAL_ACCENT_COLOR_NAME = AccentColor;
				CODE_SIGN_STYLE = Automatic;
				CURRENT_PROJECT_VERSION = 1;
				DEVELOPMENT_TEAM = MZ5MU4E2SQ;
				GENERATE_INFOPLIST_FILE = YES;
				INFOPLIST_FILE = "Test App/Info.plist";
				INFOPLIST_KEY_UIApplicationSupportsIndirectInputEvents = YES;
				INFOPLIST_KEY_UILaunchStoryboardName = LaunchScreen;
				INFOPLIST_KEY_UIMainStoryboardFile = Main;
				INFOPLIST_KEY_UISupportedInterfaceOrientations_iPad = "UIInterfaceOrientationPortrait UIInterfaceOrientationPortraitUpsideDown UIInterfaceOrientationLandscapeLeft UIInterfaceOrientationLandscapeRight";
				INFOPLIST_KEY_UISupportedInterfaceOrientations_iPhone = "UIInterfaceOrientationPortrait UIInterfaceOrientationLandscapeLeft UIInterfaceOrientationLandscapeRight";
				LD_RUNPATH_SEARCH_PATHS = (
					"$(inherited)",
					"@executable_path/Frameworks",
				);
				MARKETING_VERSION = 1.0;
				PRODUCT_BUNDLE_IDENTIFIER = "com.ogesInfotech.Test-App";
				PRODUCT_NAME = "$(TARGET_NAME)";
				SWIFT_EMIT_LOC_STRINGS = YES;
				SWIFT_VERSION = 5.0;
				TARGETED_DEVICE_FAMILY = "1,2";
			};
			name = Debug;
		};
		FAE303132DD2FF6A0001B4DD /* Release */ = {
			isa = XCBuildConfiguration;
			buildSettings = {
				ASSETCATALOG_COMPILER_APPICON_NAME = AppIcon;
				ASSETCATALOG_COMPILER_GLOBAL_ACCENT_COLOR_NAME = AccentColor;
				CODE_SIGN_STYLE = Automatic;
				CURRENT_PROJECT_VERSION = 1;
				DEVELOPMENT_TEAM = MZ5MU4E2SQ;
				GENERATE_INFOPLIST_FILE = YES;
				INFOPLIST_FILE = "Test App/Info.plist";
				INFOPLIST_KEY_UIApplicationSupportsIndirectInputEvents = YES;
				INFOPLIST_KEY_UILaunchStoryboardName = LaunchScreen;
				INFOPLIST_KEY_UIMainStoryboardFile = Main;
				INFOPLIST_KEY_UISupportedInterfaceOrientations_iPad = "UIInterfaceOrientationPortrait UIInterfaceOrientationPortraitUpsideDown UIInterfaceOrientationLandscapeLeft UIInterfaceOrientationLandscapeRight";
				INFOPLIST_KEY_UISupportedInterfaceOrientations_iPhone = "UIInterfaceOrientationPortrait UIInterfaceOrientationLandscapeLeft UIInterfaceOrientationLandscapeRight";
				LD_RUNPATH_SEARCH_PATHS = (
					"$(inherited)",
					"@executable_path/Frameworks",
				);
				MARKETING_VERSION = 1.0;
				PRODUCT_BUNDLE_IDENTIFIER = "com.ogesInfotech.Test-App";
				PRODUCT_NAME = "$(TARGET_NAME)";
				SWIFT_EMIT_LOC_STRINGS = YES;
				SWIFT_VERSION = 5.0;
				TARGETED_DEVICE_FAMILY = "1,2";
			};
			name = Release;
		};
/* End XCBuildConfiguration section */

/* Begin XCConfigurationList section */
		FAE302F52DD2FF660001B4DD /* Build configuration list for PBXProject "Test App" */ = {
			isa = XCConfigurationList;
			buildConfigurations = (
				FAE3030F2DD2FF6A0001B4DD /* Debug */,
				FAE303102DD2FF6A0001B4DD /* Release */,
			);
			defaultConfigurationIsVisible = 0;
			defaultConfigurationName = Release;
		};
		FAE303112DD2FF6A0001B4DD /* Build configuration list for PBXNativeTarget "Test App" */ = {
			isa = XCConfigurationList;
			buildConfigurations = (
				FAE303122DD2FF6A0001B4DD /* Debug */,
				FAE303132DD2FF6A0001B4DD /* Release */,
			);
			defaultConfigurationIsVisible = 0;
			defaultConfigurationName = Release;
		};
/* End XCConfigurationList section */

/* Begin XCVersionGroup section */
		FAE303062DD2FF670001B4DD /* Test_App.xcdatamodeld */ = {
			isa = XCVersionGroup;
			children = (
				FAE303072DD2FF670001B4DD /* Test_App.xcdatamodel */,
			);
			currentVersion = FAE303072DD2FF670001B4DD /* Test_App.xcdatamodel */;
			path = Test_App.xcdatamodeld;
			sourceTree = "<group>";
			versionGroupType = wrapper.xcdatamodel;
		};
/* End XCVersionGroup section */
	};
	rootObject = FAE302F22DD2FF660001B4DD /* Project object */;
}
